# This file is @generated by PDM.
# It is not intended for manual editing.

[metadata]
groups = ["default", "dev"]
strategy = ["cross_platform", "inherit_metadata"]
lock_version = "4.4.1"
content_hash = "sha256:b1cd19039b525f59f6f106e3799922ad97f07b7e7dba5bf8472be7dc98a7dd70"

[[package]]
name = "schemaspec"
version = "0.0.1"
requires_python = ">=3.12"
editable = true
path = "./schemaspec"
summary = "Transparent config schema spec builder."
groups = ["default", "dev"]
